
Microsoft Visual Studio Solution File, Format Version 12.00
# Visual Studio Version 17
VisualStudioVersion = 17.3.32825.248
MinimumVisualStudioVersion = 10.0.40219.1
Project("{FAE04EC0-301F-11D3-BF4B-00C04F79EFBC}") = "Operadores lógicos", "Operadores lógicos\Operadores lógicos.csproj", "{6499769D-4CFE-48BF-BC50-CF799FECF54C}"
EndProject
Global
	GlobalSection(SolutionConfigurationPlatforms) = preSolution
		Debug|Any CPU = Debug|Any CPU
		Release|Any CPU = Release|Any CPU
	EndGlobalSection
	GlobalSection(ProjectConfigurationPlatforms) = postSolution
		{6499769D-4CFE-48BF-BC50-CF799FECF54C}.Debug|Any CPU.ActiveCfg = Debug|Any CPU
		{6499769D-4CFE-48BF-BC50-CF799FECF54C}.Debug|Any CPU.Build.0 = Debug|Any CPU
		{6499769D-4CFE-48BF-BC50-CF799FECF54C}.Release|Any CPU.ActiveCfg = Release|Any CPU
		{6499769D-4CFE-48BF-BC50-CF799FECF54C}.Release|Any CPU.Build.0 = Release|Any CPU
	EndGlobalSection
	GlobalSection(SolutionProperties) = preSolution
		HideSolutionNode = FALSE
	EndGlobalSection
	GlobalSection(ExtensibilityGlobals) = postSolution
		SolutionGuid = {895ED35B-9814-4289-BA42-652124C6B414}
	EndGlobalSection
EndGlobal
