
Microsoft Visual Studio Solution File, Format Version 12.00
# Visual Studio Version 17
VisualStudioVersion = 17.3.32825.248
MinimumVisualStudioVersion = 10.0.40219.1
Project("{FAE04EC0-301F-11D3-BF4B-00C04F79EFBC}") = "Estrutura repetitiv enquanto (while)", "Estrutura repetitiv enquanto (while)\Estrutura repetitiv enquanto (while).csproj", "{96065E5C-3A61-4736-BF68-3E83D22F9098}"
EndProject
Global
	GlobalSection(SolutionConfigurationPlatforms) = preSolution
		Debug|Any CPU = Debug|Any CPU
		Release|Any CPU = Release|Any CPU
	EndGlobalSection
	GlobalSection(ProjectConfigurationPlatforms) = postSolution
		{96065E5C-3A61-4736-BF68-3E83D22F9098}.Debug|Any CPU.ActiveCfg = Debug|Any CPU
		{96065E5C-3A61-4736-BF68-3E83D22F9098}.Debug|Any CPU.Build.0 = Debug|Any CPU
		{96065E5C-3A61-4736-BF68-3E83D22F9098}.Release|Any CPU.ActiveCfg = Release|Any CPU
		{96065E5C-3A61-4736-BF68-3E83D22F9098}.Release|Any CPU.Build.0 = Release|Any CPU
	EndGlobalSection
	GlobalSection(SolutionProperties) = preSolution
		HideSolutionNode = FALSE
	EndGlobalSection
	GlobalSection(ExtensibilityGlobals) = postSolution
		SolutionGuid = {61FD93B9-8566-4319-AF9C-AD4CAB65536E}
	EndGlobalSection
EndGlobal
