
Microsoft Visual Studio Solution File, Format Version 12.00
# Visual Studio Version 17
VisualStudioVersion = 17.3.32825.248
MinimumVisualStudioVersion = 10.0.40219.1
Project("{FAE04EC0-301F-11D3-BF4B-00C04F79EFBC}") = "conversãoImplicitaeCasting", "conversãoImplicitaeCasting\conversãoImplicitaeCasting.csproj", "{4E42F0B8-5229-4E22-A6C3-47A34DB49830}"
EndProject
Global
	GlobalSection(SolutionConfigurationPlatforms) = preSolution
		Debug|Any CPU = Debug|Any CPU
		Release|Any CPU = Release|Any CPU
	EndGlobalSection
	GlobalSection(ProjectConfigurationPlatforms) = postSolution
		{4E42F0B8-5229-4E22-A6C3-47A34DB49830}.Debug|Any CPU.ActiveCfg = Debug|Any CPU
		{4E42F0B8-5229-4E22-A6C3-47A34DB49830}.Debug|Any CPU.Build.0 = Debug|Any CPU
		{4E42F0B8-5229-4E22-A6C3-47A34DB49830}.Release|Any CPU.ActiveCfg = Release|Any CPU
		{4E42F0B8-5229-4E22-A6C3-47A34DB49830}.Release|Any CPU.Build.0 = Release|Any CPU
	EndGlobalSection
	GlobalSection(SolutionProperties) = preSolution
		HideSolutionNode = FALSE
	EndGlobalSection
	GlobalSection(ExtensibilityGlobals) = postSolution
		SolutionGuid = {58093E35-0C0A-4EFD-A22C-B80818BC739E}
	EndGlobalSection
EndGlobal
