
Microsoft Visual Studio Solution File, Format Version 12.00
# Visual Studio Version 17
VisualStudioVersion = 17.3.32825.248
MinimumVisualStudioVersion = 10.0.40219.1
Project("{FAE04EC0-301F-11D3-BF4B-00C04F79EFBC}") = "operadorDeAtribuicao", "operadorDeAtribuicao\operadorDeAtribuicao.csproj", "{107CE5A4-DED1-4E9F-963C-D49CCEA89F6E}"
EndProject
Global
	GlobalSection(SolutionConfigurationPlatforms) = preSolution
		Debug|Any CPU = Debug|Any CPU
		Release|Any CPU = Release|Any CPU
	EndGlobalSection
	GlobalSection(ProjectConfigurationPlatforms) = postSolution
		{107CE5A4-DED1-4E9F-963C-D49CCEA89F6E}.Debug|Any CPU.ActiveCfg = Debug|Any CPU
		{107CE5A4-DED1-4E9F-963C-D49CCEA89F6E}.Debug|Any CPU.Build.0 = Debug|Any CPU
		{107CE5A4-DED1-4E9F-963C-D49CCEA89F6E}.Release|Any CPU.ActiveCfg = Release|Any CPU
		{107CE5A4-DED1-4E9F-963C-D49CCEA89F6E}.Release|Any CPU.Build.0 = Release|Any CPU
	EndGlobalSection
	GlobalSection(SolutionProperties) = preSolution
		HideSolutionNode = FALSE
	EndGlobalSection
	GlobalSection(ExtensibilityGlobals) = postSolution
		SolutionGuid = {AA482BB6-0BF9-42D0-B553-2E2DCABEECCE}
	EndGlobalSection
EndGlobal
