
Microsoft Visual Studio Solution File, Format Version 12.00
# Visual Studio Version 17
VisualStudioVersion = 17.3.32825.248
MinimumVisualStudioVersion = 10.0.40219.1
Project("{FAE04EC0-301F-11D3-BF4B-00C04F79EFBC}") = "Exercio sobre Estrutura Condicional", "Exercio sobre Estrutura Condicional\Exercio sobre Estrutura Condicional.csproj", "{C381B09E-8CF7-49A5-A17A-EAEFEE420983}"
EndProject
Global
	GlobalSection(SolutionConfigurationPlatforms) = preSolution
		Debug|Any CPU = Debug|Any CPU
		Release|Any CPU = Release|Any CPU
	EndGlobalSection
	GlobalSection(ProjectConfigurationPlatforms) = postSolution
		{C381B09E-8CF7-49A5-A17A-EAEFEE420983}.Debug|Any CPU.ActiveCfg = Debug|Any CPU
		{C381B09E-8CF7-49A5-A17A-EAEFEE420983}.Debug|Any CPU.Build.0 = Debug|Any CPU
		{C381B09E-8CF7-49A5-A17A-EAEFEE420983}.Release|Any CPU.ActiveCfg = Release|Any CPU
		{C381B09E-8CF7-49A5-A17A-EAEFEE420983}.Release|Any CPU.Build.0 = Release|Any CPU
	EndGlobalSection
	GlobalSection(SolutionProperties) = preSolution
		HideSolutionNode = FALSE
	EndGlobalSection
	GlobalSection(ExtensibilityGlobals) = postSolution
		SolutionGuid = {35BBC81F-E3E8-4F04-B920-6EF6FEFF0FEE}
	EndGlobalSection
EndGlobal
