
Microsoft Visual Studio Solution File, Format Version 12.00
# Visual Studio Version 17
VisualStudioVersion = 17.3.32825.248
MinimumVisualStudioVersion = 10.0.40219.1
Project("{FAE04EC0-301F-11D3-BF4B-00C04F79EFBC}") = "Entrada de dados 2", "Entrada de dados 2\Entrada de dados 2.csproj", "{F806A720-231A-430B-B6C6-B0AFBC658AA4}"
EndProject
Global
	GlobalSection(SolutionConfigurationPlatforms) = preSolution
		Debug|Any CPU = Debug|Any CPU
		Release|Any CPU = Release|Any CPU
	EndGlobalSection
	GlobalSection(ProjectConfigurationPlatforms) = postSolution
		{F806A720-231A-430B-B6C6-B0AFBC658AA4}.Debug|Any CPU.ActiveCfg = Debug|Any CPU
		{F806A720-231A-430B-B6C6-B0AFBC658AA4}.Debug|Any CPU.Build.0 = Debug|Any CPU
		{F806A720-231A-430B-B6C6-B0AFBC658AA4}.Release|Any CPU.ActiveCfg = Release|Any CPU
		{F806A720-231A-430B-B6C6-B0AFBC658AA4}.Release|Any CPU.Build.0 = Release|Any CPU
	EndGlobalSection
	GlobalSection(SolutionProperties) = preSolution
		HideSolutionNode = FALSE
	EndGlobalSection
	GlobalSection(ExtensibilityGlobals) = postSolution
		SolutionGuid = {FE4F7800-C0E4-4096-B822-C102DA5EC1DA}
	EndGlobalSection
EndGlobal
