
Microsoft Visual Studio Solution File, Format Version 12.00
# Visual Studio Version 17
VisualStudioVersion = 17.3.32825.248
MinimumVisualStudioVersion = 10.0.40219.1
Project("{FAE04EC0-301F-11D3-BF4B-00C04F79EFBC}") = "course1", "course1\course1.csproj", "{5FA16047-6C06-449B-8E3E-178440CCEDEB}"
EndProject
Global
	GlobalSection(SolutionConfigurationPlatforms) = preSolution
		Debug|Any CPU = Debug|Any CPU
		Release|Any CPU = Release|Any CPU
	EndGlobalSection
	GlobalSection(ProjectConfigurationPlatforms) = postSolution
		{5FA16047-6C06-449B-8E3E-178440CCEDEB}.Debug|Any CPU.ActiveCfg = Debug|Any CPU
		{5FA16047-6C06-449B-8E3E-178440CCEDEB}.Debug|Any CPU.Build.0 = Debug|Any CPU
		{5FA16047-6C06-449B-8E3E-178440CCEDEB}.Release|Any CPU.ActiveCfg = Release|Any CPU
		{5FA16047-6C06-449B-8E3E-178440CCEDEB}.Release|Any CPU.Build.0 = Release|Any CPU
	EndGlobalSection
	GlobalSection(SolutionProperties) = preSolution
		HideSolutionNode = FALSE
	EndGlobalSection
	GlobalSection(ExtensibilityGlobals) = postSolution
		SolutionGuid = {292E7707-0D38-47C8-A5CD-B9068F43C960}
	EndGlobalSection
EndGlobal
